<?xml version="1.0" encoding="UTF-8" standalone="yes" ?>
<CodeBlocks_project_file>
	<FileVersion major="1" minor="6" />
	<Project>
		<Option title="Dakiines" />
		<Option pch_mode="2" />
		<Option compiler="gcc" />
		<Build>
			<Target title="Debug">
				<Option output="bin/Debug/Dakiines" prefix_auto="1" extension_auto="1" />
				<Option object_output="obj/Debug/" />
				<Option type="1" />
				<Option compiler="gcc" />
				<Compiler>
					<Add option="-g" />
					<Add option="-D_DEBUG" />
				</Compiler>
			</Target>
			<Target title="Release">
				<Option output="bin/Release/Dakiines" prefix_auto="1" extension_auto="1" />
				<Option object_output="obj/Release/" />
				<Option type="1" />
				<Option compiler="gcc" />
				<Compiler>
					<Add option="-O2" />
					<Add option="-DNDEBUG" />
				</Compiler>
				<Linker>
					<Add option="-s" />
				</Linker>
			</Target>
		</Build>
		<Compiler>
			<Add option="-Wall" />
			<Add option="-fexceptions" />
			<Add option="-fpermissive" />
			<Add option="`sdl2-config --cflags`" />
			<Add option="-D_LINUX" />
			<Add directory="../../dakiilib/lib" />
			<Add directory="../../dakiilib/dfc" />
			<Add directory="../../dakiilib/helper" />
			<Add directory="/usr/include/SDL2" />
		</Compiler>
		<Linker>
			<Add option="`sdl2-config --libs`" />
			<Add library="libSDL2_image" />
			<Add library="libSDL2_mixer" />
			<Add directory="/usr/lib64" />
		</Linker>
		<Unit filename="../../dakiilib/dfc/dfc.h" />
		<Unit filename="../../dakiilib/dfc/dfc3DEntity.cpp" />
		<Unit filename="../../dakiilib/dfc/dfc3DEntity.h" />
		<Unit filename="../../dakiilib/dfc/dfc3DMaze.cpp" />
		<Unit filename="../../dakiilib/dfc/dfc3DMaze.h" />
		<Unit filename="../../dakiilib/dfc/dfc3DSprite.cpp" />
		<Unit filename="../../dakiilib/dfc/dfc3DSprite.h" />
		<Unit filename="../../dakiilib/dfc/dfcApp.cpp" />
		<Unit filename="../../dakiilib/dfc/dfcApp.h" />
		<Unit filename="../../dakiilib/dfc/dfcBackground.cpp" />
		<Unit filename="../../dakiilib/dfc/dfcBackground.h" />
		<Unit filename="../../dakiilib/dfc/dfcButton.cpp" />
		<Unit filename="../../dakiilib/dfc/dfcButton.h" />
		<Unit filename="../../dakiilib/dfc/dfcCamera.cpp" />
		<Unit filename="../../dakiilib/dfc/dfcCamera.h" />
		<Unit filename="../../dakiilib/dfc/dfcContext.cpp" />
		<Unit filename="../../dakiilib/dfc/dfcContext.h" />
		<Unit filename="../../dakiilib/dfc/dfcDictionary.cpp" />
		<Unit filename="../../dakiilib/dfc/dfcDictionary.h" />
		<Unit filename="../../dakiilib/dfc/dfcEntity.cpp" />
		<Unit filename="../../dakiilib/dfc/dfcEntity.h" />
		<Unit filename="../../dakiilib/dfc/dfcFont.cpp" />
		<Unit filename="../../dakiilib/dfc/dfcFont.h" />
		<Unit filename="../../dakiilib/dfc/dfcLabel.cpp" />
		<Unit filename="../../dakiilib/dfc/dfcLabel.h" />
		<Unit filename="../../dakiilib/dfc/dfcMusic.cpp" />
		<Unit filename="../../dakiilib/dfc/dfcMusic.h" />
		<Unit filename="../../dakiilib/dfc/dfcObj.cpp" />
		<Unit filename="../../dakiilib/dfc/dfcObj.h" />
		<Unit filename="../../dakiilib/dfc/dfcPhysObj.cpp" />
		<Unit filename="../../dakiilib/dfc/dfcPhysObj.h" />
		<Unit filename="../../dakiilib/dfc/dfcRPGEngine.cpp" />
		<Unit filename="../../dakiilib/dfc/dfcRPGEngine.h" />
		<Unit filename="../../dakiilib/dfc/dfcRPGEngineEntities.cpp" />
		<Unit filename="../../dakiilib/dfc/dfcRPGEngineEntities.h" />
		<Unit filename="../../dakiilib/dfc/dfcRPGEngineItems.cpp" />
		<Unit filename="../../dakiilib/dfc/dfcRPGEngineItems.h" />
		<Unit filename="../../dakiilib/dfc/dfcRPGEngineSpells.cpp" />
		<Unit filename="../../dakiilib/dfc/dfcRPGEngineSpells.h" />
		<Unit filename="../../dakiilib/dfc/dfcSceneEngine.cpp" />
		<Unit filename="../../dakiilib/dfc/dfcSceneEngine.h" />
		<Unit filename="../../dakiilib/dfc/dfcSceneNodes.cpp" />
		<Unit filename="../../dakiilib/dfc/dfcSceneNodes.h" />
		<Unit filename="../../dakiilib/dfc/dfcSound.cpp" />
		<Unit filename="../../dakiilib/dfc/dfcSound.h" />
		<Unit filename="../../dakiilib/helper/DString.cpp" />
		<Unit filename="../../dakiilib/helper/DString.h" />
		<Unit filename="../../dakiilib/helper/XMLLoader.cpp" />
		<Unit filename="../../dakiilib/helper/XMLLoader.h" />
		<Unit filename="../../dakiilib/lib/lib.h" />
		<Unit filename="../../dakiilib/lib/libMacros.h" />
		<Unit filename="../../dakiilib/lib/libMath.cpp" />
		<Unit filename="../../dakiilib/lib/libMath.h" />
		<Unit filename="../../dakiilib/lib/libMng3D.h" />
		<Unit filename="../../dakiilib/lib/libMngGraphic.h" />
		<Unit filename="../../dakiilib/lib/libMngIO.cpp" />
		<Unit filename="../../dakiilib/lib/libMngIO.h" />
		<Unit filename="../../dakiilib/lib/libMngInput.h" />
		<Unit filename="../../dakiilib/lib/libMngResIO.cpp" />
		<Unit filename="../../dakiilib/lib/libMngResIO.h" />
		<Unit filename="../../dakiilib/lib/libMngSound.h" />
		<Unit filename="../../dakiilib/lib/libTypes.h" />
		<Unit filename="../../dakiilib/lib/linux/libMacros_linux.h" />
		<Unit filename="../../dakiilib/lib/linux/libMng3D_linux.cpp" />
		<Unit filename="../../dakiilib/lib/linux/libMng3D_linux.h" />
		<Unit filename="../../dakiilib/lib/linux/libMngGraphic_linux.cpp" />
		<Unit filename="../../dakiilib/lib/linux/libMngGraphic_linux.h" />
		<Unit filename="../../dakiilib/lib/linux/libMngInput_linux.cpp" />
		<Unit filename="../../dakiilib/lib/linux/libMngInput_linux.h" />
		<Unit filename="../../dakiilib/lib/linux/libMngSound_linux.cpp" />
		<Unit filename="../../dakiilib/lib/linux/libMngSound_linux.h" />
		<Unit filename="../../dakiilib/lib/linux/libSystem_linux.cpp" />
		<Unit filename="../../dakiilib/lib/linux/libTypes_linux.h" />
		<Unit filename="../../dakiilib/lib/linux/lib_linux.h" />
		<Unit filename="AppDakiines.cpp" />
		<Unit filename="AppDakiines.h" />
		<Unit filename="CtxDakiines.cpp" />
		<Unit filename="CtxDakiines.h" />
		<Unit filename="README.md" />
		<Unit filename="blit_c.cpp" />
		<Unit filename="blitters.h" />
		<Unit filename="cal.cpp" />
		<Unit filename="cal.h" />
		<Unit filename="cd.h" />
		<Unit filename="cd_unix.cpp" />
		<Unit filename="coleco.cpp" />
		<Unit filename="cpu6280.cpp" />
		<Unit filename="cpu6280int.h" />
		<Unit filename="cpu6280opc.cpp" />
		<Unit filename="cpu6502.cpp" />
		<Unit filename="cpu6502.h" />
		<Unit filename="cpu6502int.h" />
		<Unit filename="cpu6502opc.cpp" />
		<Unit filename="cpudefs.h" />
		<Unit filename="dt68000.cpp" />
		<Unit filename="emu68k.cpp" />
		<Unit filename="emu68k.h" />
		<Unit filename="event.cpp" />
		<Unit filename="event.h" />
		<Unit filename="game.h" />
		<Unit filename="gen_vdp.cpp" />
		<Unit filename="gen_vdp.h" />
		<Unit filename="genesis.cpp" />
		<Unit filename="keyboard_dakii.cpp" />
		<Unit filename="m6502.h" />
		<Unit filename="machdep.h" />
		<Unit filename="mappers.cpp" />
		<Unit filename="mappers.h" />
		<Unit filename="memtypes.h" />
		<Unit filename="menu.h" />
		<Unit filename="msx.cpp" />
		<Unit filename="mtypes.h" />
		<Unit filename="mz80.cpp" />
		<Unit filename="mz80.h" />
		<Unit filename="mz80opc1.h" />
		<Unit filename="mz80opc2.h" />
		<Unit filename="mz80opc3.h" />
		<Unit filename="mz80opc4.h" />
		<Unit filename="mz80opc5.h" />
		<Unit filename="nes.cpp" />
		<Unit filename="nes.h" />
		<Unit filename="nesStruct.h" />
		<Unit filename="nes_ppu.cpp" />
		<Unit filename="nes_ppu.h" />
		<Unit filename="nes_psg.cpp" />
		<Unit filename="nes_psg.h" />
		<Unit filename="palette.h" />
		<Unit filename="palette16.cpp" />
		<Unit filename="palette32.cpp" />
		<Unit filename="palette8.cpp" />
		<Unit filename="pce.cpp" />
		<Unit filename="pce_cd.cpp" />
		<Unit filename="pce_vdp.cpp" />
		<Unit filename="pce_vdp.h" />
		<Unit filename="sg1000.cpp" />
		<Unit filename="sms.cpp" />
		<Unit filename="sms9918.cpp" />
		<Unit filename="sms9918.h" />
		<Unit filename="sms_psg.cpp" />
		<Unit filename="sms_psg.h" />
		<Unit filename="snd.h" />
		<Unit filename="snd_dakii.cpp" />
		<Unit filename="snd_unix.cpp" />
		<Unit filename="system.h" />
		<Unit filename="tiledraw.cpp" />
		<Unit filename="tiledraw.h" />
		<Unit filename="tms9918.cpp" />
		<Unit filename="tms9918.h" />
		<Unit filename="tool.cpp" />
		<Unit filename="tool.h" />
		<Unit filename="torr_cpu.cpp" />
		<Unit filename="types-i386.h" />
		<Unit filename="types.h" />
		<Unit filename="ui.h" />
		<Unit filename="ui_dakii.cpp" />
		<Unit filename="unixdep.h" />
		<Unit filename="video.h" />
		<Unit filename="video_dakii.cpp" />
		<Extensions>
			<code_completion />
			<debugger />
		</Extensions>
	</Project>
</CodeBlocks_project_file>
